
Microsoft Visual Studio Solution File, Format Version 12.00
# Visual Studio Version 17
VisualStudioVersion = 17.2.32602.215
MinimumVisualStudioVersion = 10.0.40219.1
Project("{9A19103F-16F7-4668-BE54-9A1E7A4F7556}") = "Web_Practice", "Web_Practice\Web_Practice.csproj", "{0F6DB89D-4C01-4512-8384-ADA93DCA35B8}"
EndProject
Project("{9A19103F-16F7-4668-BE54-9A1E7A4F7556}") = "Web_Practice_2", "Web_Practice_2\Web_Practice_2.csproj", "{7FFB3C90-F3C7-4A8B-ABEA-460EE43C087D}"
EndProject
Project("{9A19103F-16F7-4668-BE54-9A1E7A4F7556}") = "Web_Practice_3", "Web_Practice_3\Web_Practice_3.csproj", "{8FBB4625-9124-4434-9C5E-545056A18E65}"
EndProject
Global
	GlobalSection(SolutionConfigurationPlatforms) = preSolution
		Debug|Any CPU = Debug|Any CPU
		Release|Any CPU = Release|Any CPU
	EndGlobalSection
	GlobalSection(ProjectConfigurationPlatforms) = postSolution
		{0F6DB89D-4C01-4512-8384-ADA93DCA35B8}.Debug|Any CPU.ActiveCfg = Debug|Any CPU
		{0F6DB89D-4C01-4512-8384-ADA93DCA35B8}.Debug|Any CPU.Build.0 = Debug|Any CPU
		{0F6DB89D-4C01-4512-8384-ADA93DCA35B8}.Release|Any CPU.ActiveCfg = Release|Any CPU
		{0F6DB89D-4C01-4512-8384-ADA93DCA35B8}.Release|Any CPU.Build.0 = Release|Any CPU
		{7FFB3C90-F3C7-4A8B-ABEA-460EE43C087D}.Debug|Any CPU.ActiveCfg = Debug|Any CPU
		{7FFB3C90-F3C7-4A8B-ABEA-460EE43C087D}.Debug|Any CPU.Build.0 = Debug|Any CPU
		{7FFB3C90-F3C7-4A8B-ABEA-460EE43C087D}.Release|Any CPU.ActiveCfg = Release|Any CPU
		{7FFB3C90-F3C7-4A8B-ABEA-460EE43C087D}.Release|Any CPU.Build.0 = Release|Any CPU
		{8FBB4625-9124-4434-9C5E-545056A18E65}.Debug|Any CPU.ActiveCfg = Debug|Any CPU
		{8FBB4625-9124-4434-9C5E-545056A18E65}.Debug|Any CPU.Build.0 = Debug|Any CPU
		{8FBB4625-9124-4434-9C5E-545056A18E65}.Release|Any CPU.ActiveCfg = Release|Any CPU
		{8FBB4625-9124-4434-9C5E-545056A18E65}.Release|Any CPU.Build.0 = Release|Any CPU
	EndGlobalSection
	GlobalSection(SolutionProperties) = preSolution
		HideSolutionNode = FALSE
	EndGlobalSection
	GlobalSection(ExtensibilityGlobals) = postSolution
		SolutionGuid = {27CDCBDE-ED65-4A13-940C-68615B675FFD}
	EndGlobalSection
EndGlobal
