
Microsoft Visual Studio Solution File, Format Version 12.00
# Visual Studio Version 17
VisualStudioVersion = 17.3.32825.248
MinimumVisualStudioVersion = 10.0.40219.1
Project("{2150E333-8FDC-42A3-9474-1A3956D46DE8}") = "BusinessLogicLayer", "BusinessLogicLayer", "{90F2FB72-BBD6-411D-B908-2DA66AFD4889}"
EndProject
Project("{2150E333-8FDC-42A3-9474-1A3956D46DE8}") = "DataAccessLayer", "DataAccessLayer", "{C698D08F-6B07-49FE-B806-CC5840BB7771}"
EndProject
Project("{2150E333-8FDC-42A3-9474-1A3956D46DE8}") = "PresentationLayer", "PresentationLayer", "{C2FACFDA-9951-4071-8914-2420609ADD22}"
EndProject
Project("{2150E333-8FDC-42A3-9474-1A3956D46DE8}") = "Common", "Common", "{F2080874-3AAE-4F4D-91FB-7CE94A1CCE8B}"
EndProject
Project("{9A19103F-16F7-4668-BE54-9A1E7A4F7556}") = "Note.Model", "Note.Model\Note.Model.csproj", "{172B61D2-4B65-4473-9FAB-69C136610490}"
EndProject
Project("{9A19103F-16F7-4668-BE54-9A1E7A4F7556}") = "Note.IDAL", "Note.IDAL\Note.IDAL.csproj", "{FC123273-483D-4F39-B089-84C1C6288E50}"
EndProject
Project("{9A19103F-16F7-4668-BE54-9A1E7A4F7556}") = "Note.DAL", "Note.DAL\Note.DAL.csproj", "{213BB14F-0704-4AB2-924F-CC69D854E70D}"
EndProject
Project("{9A19103F-16F7-4668-BE54-9A1E7A4F7556}") = "Note.BLL", "Note.BLL\Note.BLL.csproj", "{5CCC7767-01CF-4FF9-A86D-F368A50EAB93}"
EndProject
Project("{9A19103F-16F7-4668-BE54-9A1E7A4F7556}") = "Note.MVC6", "Note.MVC6\Note.MVC6.csproj", "{28EC6D67-2591-4B4D-98D6-372FB41FAD9E}"
EndProject
Project("{FAE04EC0-301F-11D3-BF4B-00C04F79EFBC}") = "Note.ViewModel", "Note.ViewModel\Note.ViewModel.csproj", "{CB8A5FF3-DCAA-4399-9A6B-D5ED3FC2B701}"
EndProject
Global
	GlobalSection(SolutionConfigurationPlatforms) = preSolution
		Debug|Any CPU = Debug|Any CPU
		Release|Any CPU = Release|Any CPU
	EndGlobalSection
	GlobalSection(ProjectConfigurationPlatforms) = postSolution
		{172B61D2-4B65-4473-9FAB-69C136610490}.Debug|Any CPU.ActiveCfg = Debug|Any CPU
		{172B61D2-4B65-4473-9FAB-69C136610490}.Debug|Any CPU.Build.0 = Debug|Any CPU
		{172B61D2-4B65-4473-9FAB-69C136610490}.Release|Any CPU.ActiveCfg = Release|Any CPU
		{172B61D2-4B65-4473-9FAB-69C136610490}.Release|Any CPU.Build.0 = Release|Any CPU
		{FC123273-483D-4F39-B089-84C1C6288E50}.Debug|Any CPU.ActiveCfg = Debug|Any CPU
		{FC123273-483D-4F39-B089-84C1C6288E50}.Debug|Any CPU.Build.0 = Debug|Any CPU
		{FC123273-483D-4F39-B089-84C1C6288E50}.Release|Any CPU.ActiveCfg = Release|Any CPU
		{FC123273-483D-4F39-B089-84C1C6288E50}.Release|Any CPU.Build.0 = Release|Any CPU
		{213BB14F-0704-4AB2-924F-CC69D854E70D}.Debug|Any CPU.ActiveCfg = Debug|Any CPU
		{213BB14F-0704-4AB2-924F-CC69D854E70D}.Debug|Any CPU.Build.0 = Debug|Any CPU
		{213BB14F-0704-4AB2-924F-CC69D854E70D}.Release|Any CPU.ActiveCfg = Release|Any CPU
		{213BB14F-0704-4AB2-924F-CC69D854E70D}.Release|Any CPU.Build.0 = Release|Any CPU
		{5CCC7767-01CF-4FF9-A86D-F368A50EAB93}.Debug|Any CPU.ActiveCfg = Debug|Any CPU
		{5CCC7767-01CF-4FF9-A86D-F368A50EAB93}.Debug|Any CPU.Build.0 = Debug|Any CPU
		{5CCC7767-01CF-4FF9-A86D-F368A50EAB93}.Release|Any CPU.ActiveCfg = Release|Any CPU
		{5CCC7767-01CF-4FF9-A86D-F368A50EAB93}.Release|Any CPU.Build.0 = Release|Any CPU
		{28EC6D67-2591-4B4D-98D6-372FB41FAD9E}.Debug|Any CPU.ActiveCfg = Debug|Any CPU
		{28EC6D67-2591-4B4D-98D6-372FB41FAD9E}.Debug|Any CPU.Build.0 = Debug|Any CPU
		{28EC6D67-2591-4B4D-98D6-372FB41FAD9E}.Release|Any CPU.ActiveCfg = Release|Any CPU
		{28EC6D67-2591-4B4D-98D6-372FB41FAD9E}.Release|Any CPU.Build.0 = Release|Any CPU
		{CB8A5FF3-DCAA-4399-9A6B-D5ED3FC2B701}.Debug|Any CPU.ActiveCfg = Debug|Any CPU
		{CB8A5FF3-DCAA-4399-9A6B-D5ED3FC2B701}.Debug|Any CPU.Build.0 = Debug|Any CPU
		{CB8A5FF3-DCAA-4399-9A6B-D5ED3FC2B701}.Release|Any CPU.ActiveCfg = Release|Any CPU
		{CB8A5FF3-DCAA-4399-9A6B-D5ED3FC2B701}.Release|Any CPU.Build.0 = Release|Any CPU
	EndGlobalSection
	GlobalSection(SolutionProperties) = preSolution
		HideSolutionNode = FALSE
	EndGlobalSection
	GlobalSection(NestedProjects) = preSolution
		{172B61D2-4B65-4473-9FAB-69C136610490} = {F2080874-3AAE-4F4D-91FB-7CE94A1CCE8B}
		{FC123273-483D-4F39-B089-84C1C6288E50} = {C698D08F-6B07-49FE-B806-CC5840BB7771}
		{213BB14F-0704-4AB2-924F-CC69D854E70D} = {C698D08F-6B07-49FE-B806-CC5840BB7771}
		{5CCC7767-01CF-4FF9-A86D-F368A50EAB93} = {90F2FB72-BBD6-411D-B908-2DA66AFD4889}
		{28EC6D67-2591-4B4D-98D6-372FB41FAD9E} = {C2FACFDA-9951-4071-8914-2420609ADD22}
		{CB8A5FF3-DCAA-4399-9A6B-D5ED3FC2B701} = {F2080874-3AAE-4F4D-91FB-7CE94A1CCE8B}
	EndGlobalSection
	GlobalSection(ExtensibilityGlobals) = postSolution
		SolutionGuid = {9FB1E150-9332-4D66-8D3D-9A2B48D37DF9}
	EndGlobalSection
EndGlobal
