
Microsoft Visual Studio Solution File, Format Version 12.00
# Visual Studio Version 17
VisualStudioVersion = 17.3.32825.248
MinimumVisualStudioVersion = 10.0.40219.1
Project("{2150E333-8FDC-42A3-9474-1A3956D46DE8}") = "BusinessLogicLayer", "BusinessLogicLayer", "{BD2BE7B6-E315-4002-AC7C-8D84CB42CC0E}"
EndProject
Project("{2150E333-8FDC-42A3-9474-1A3956D46DE8}") = "DataAccessLayer", "DataAccessLayer", "{736BE8D2-2D3C-4A9E-BE77-C35ACCCAD376}"
EndProject
Project("{2150E333-8FDC-42A3-9474-1A3956D46DE8}") = "Common", "Common", "{5F9E90AF-6165-4CC6-8E4F-1C3014040146}"
EndProject
Project("{2150E333-8FDC-42A3-9474-1A3956D46DE8}") = "PresentationLayer", "PresentationLayer", "{088D283E-EF09-4741-BB54-FFA67EB81E4E}"
EndProject
Project("{FAE04EC0-301F-11D3-BF4B-00C04F79EFBC}") = "Hello.Model", "Hello.Model\Hello.Model.csproj", "{CEEF5462-48E4-4C10-A3AD-E8A7C92F1324}"
EndProject
Project("{FAE04EC0-301F-11D3-BF4B-00C04F79EFBC}") = "Hello.IDAL", "Hello.IDAL\Hello.IDAL.csproj", "{802A9D3E-1A98-4FA9-82F6-DCF9717DC937}"
EndProject
Project("{FAE04EC0-301F-11D3-BF4B-00C04F79EFBC}") = "Hello.MSSQL.DAL", "Hello.MSSQL.DAL\Hello.MSSQL.DAL.csproj", "{378C28DE-A0CA-4A25-AD4B-0CD501094B0A}"
EndProject
Project("{FAE04EC0-301F-11D3-BF4B-00C04F79EFBC}") = "Hello.Oracle.DAL", "Hello.Oracle.DAL\Hello.Oracle.DAL.csproj", "{3363F87A-1E36-491E-96D9-469193EBEF01}"
EndProject
Project("{FAE04EC0-301F-11D3-BF4B-00C04F79EFBC}") = "Hello.BLL", "Hello.BLL\Hello.BLL.csproj", "{3E68C75C-0622-4A16-A985-C220F2D0B059}"
EndProject
Project("{FAE04EC0-301F-11D3-BF4B-00C04F79EFBC}") = "Hello.MVC6", "Hello.MVC6\Hello.MVC6.csproj", "{02AB16E4-C1C8-4448-903D-CCFC6A6DBCFA}"
EndProject
Global
	GlobalSection(SolutionConfigurationPlatforms) = preSolution
		Debug|Any CPU = Debug|Any CPU
		Release|Any CPU = Release|Any CPU
	EndGlobalSection
	GlobalSection(ProjectConfigurationPlatforms) = postSolution
		{CEEF5462-48E4-4C10-A3AD-E8A7C92F1324}.Debug|Any CPU.ActiveCfg = Debug|Any CPU
		{CEEF5462-48E4-4C10-A3AD-E8A7C92F1324}.Debug|Any CPU.Build.0 = Debug|Any CPU
		{CEEF5462-48E4-4C10-A3AD-E8A7C92F1324}.Release|Any CPU.ActiveCfg = Release|Any CPU
		{CEEF5462-48E4-4C10-A3AD-E8A7C92F1324}.Release|Any CPU.Build.0 = Release|Any CPU
		{802A9D3E-1A98-4FA9-82F6-DCF9717DC937}.Debug|Any CPU.ActiveCfg = Debug|Any CPU
		{802A9D3E-1A98-4FA9-82F6-DCF9717DC937}.Debug|Any CPU.Build.0 = Debug|Any CPU
		{802A9D3E-1A98-4FA9-82F6-DCF9717DC937}.Release|Any CPU.ActiveCfg = Release|Any CPU
		{802A9D3E-1A98-4FA9-82F6-DCF9717DC937}.Release|Any CPU.Build.0 = Release|Any CPU
		{378C28DE-A0CA-4A25-AD4B-0CD501094B0A}.Debug|Any CPU.ActiveCfg = Debug|Any CPU
		{378C28DE-A0CA-4A25-AD4B-0CD501094B0A}.Debug|Any CPU.Build.0 = Debug|Any CPU
		{378C28DE-A0CA-4A25-AD4B-0CD501094B0A}.Release|Any CPU.ActiveCfg = Release|Any CPU
		{378C28DE-A0CA-4A25-AD4B-0CD501094B0A}.Release|Any CPU.Build.0 = Release|Any CPU
		{3363F87A-1E36-491E-96D9-469193EBEF01}.Debug|Any CPU.ActiveCfg = Debug|Any CPU
		{3363F87A-1E36-491E-96D9-469193EBEF01}.Debug|Any CPU.Build.0 = Debug|Any CPU
		{3363F87A-1E36-491E-96D9-469193EBEF01}.Release|Any CPU.ActiveCfg = Release|Any CPU
		{3363F87A-1E36-491E-96D9-469193EBEF01}.Release|Any CPU.Build.0 = Release|Any CPU
		{3E68C75C-0622-4A16-A985-C220F2D0B059}.Debug|Any CPU.ActiveCfg = Debug|Any CPU
		{3E68C75C-0622-4A16-A985-C220F2D0B059}.Debug|Any CPU.Build.0 = Debug|Any CPU
		{3E68C75C-0622-4A16-A985-C220F2D0B059}.Release|Any CPU.ActiveCfg = Release|Any CPU
		{3E68C75C-0622-4A16-A985-C220F2D0B059}.Release|Any CPU.Build.0 = Release|Any CPU
		{02AB16E4-C1C8-4448-903D-CCFC6A6DBCFA}.Debug|Any CPU.ActiveCfg = Debug|Any CPU
		{02AB16E4-C1C8-4448-903D-CCFC6A6DBCFA}.Debug|Any CPU.Build.0 = Debug|Any CPU
		{02AB16E4-C1C8-4448-903D-CCFC6A6DBCFA}.Release|Any CPU.ActiveCfg = Release|Any CPU
		{02AB16E4-C1C8-4448-903D-CCFC6A6DBCFA}.Release|Any CPU.Build.0 = Release|Any CPU
	EndGlobalSection
	GlobalSection(SolutionProperties) = preSolution
		HideSolutionNode = FALSE
	EndGlobalSection
	GlobalSection(NestedProjects) = preSolution
		{CEEF5462-48E4-4C10-A3AD-E8A7C92F1324} = {5F9E90AF-6165-4CC6-8E4F-1C3014040146}
		{802A9D3E-1A98-4FA9-82F6-DCF9717DC937} = {736BE8D2-2D3C-4A9E-BE77-C35ACCCAD376}
		{378C28DE-A0CA-4A25-AD4B-0CD501094B0A} = {736BE8D2-2D3C-4A9E-BE77-C35ACCCAD376}
		{3363F87A-1E36-491E-96D9-469193EBEF01} = {736BE8D2-2D3C-4A9E-BE77-C35ACCCAD376}
		{3E68C75C-0622-4A16-A985-C220F2D0B059} = {BD2BE7B6-E315-4002-AC7C-8D84CB42CC0E}
		{02AB16E4-C1C8-4448-903D-CCFC6A6DBCFA} = {088D283E-EF09-4741-BB54-FFA67EB81E4E}
	EndGlobalSection
	GlobalSection(ExtensibilityGlobals) = postSolution
		SolutionGuid = {9B5A76C9-EA3D-42AC-B593-7ECC10A43FF4}
	EndGlobalSection
EndGlobal
