
Microsoft Visual Studio Solution File, Format Version 12.00
# Visual Studio Version 17
VisualStudioVersion = 17.3.32929.385
MinimumVisualStudioVersion = 10.0.40219.1
Project("{FAE04EC0-301F-11D3-BF4B-00C04F79EFBC}") = "WebApplication1", "WebApplication1\WebApplication1.csproj", "{E7FD2C97-0AEE-4380-B829-2B46887D511C}"
EndProject
Global
	GlobalSection(SolutionConfigurationPlatforms) = preSolution
		Debug|Any CPU = Debug|Any CPU
		Release|Any CPU = Release|Any CPU
	EndGlobalSection
	GlobalSection(ProjectConfigurationPlatforms) = postSolution
		{E7FD2C97-0AEE-4380-B829-2B46887D511C}.Debug|Any CPU.ActiveCfg = Debug|Any CPU
		{E7FD2C97-0AEE-4380-B829-2B46887D511C}.Debug|Any CPU.Build.0 = Debug|Any CPU
		{E7FD2C97-0AEE-4380-B829-2B46887D511C}.Release|Any CPU.ActiveCfg = Release|Any CPU
		{E7FD2C97-0AEE-4380-B829-2B46887D511C}.Release|Any CPU.Build.0 = Release|Any CPU
	EndGlobalSection
	GlobalSection(SolutionProperties) = preSolution
		HideSolutionNode = FALSE
	EndGlobalSection
	GlobalSection(ExtensibilityGlobals) = postSolution
		SolutionGuid = {7EF8D36D-4803-4DC5-9C51-330FE3CF8735}
	EndGlobalSection
EndGlobal
