
Microsoft Visual Studio Solution File, Format Version 12.00
# Visual Studio Version 17
VisualStudioVersion = 17.3.32929.385
MinimumVisualStudioVersion = 10.0.40219.1
Project("{FAE04EC0-301F-11D3-BF4B-00C04F79EFBC}") = "ASPPrac", "ASPPrac.csproj", "{03A2A74D-1D87-4A68-B2C6-621D93F1D466}"
EndProject
Global
	GlobalSection(SolutionConfigurationPlatforms) = preSolution
		Debug|Any CPU = Debug|Any CPU
		Release|Any CPU = Release|Any CPU
	EndGlobalSection
	GlobalSection(ProjectConfigurationPlatforms) = postSolution
		{03A2A74D-1D87-4A68-B2C6-621D93F1D466}.Debug|Any CPU.ActiveCfg = Debug|Any CPU
		{03A2A74D-1D87-4A68-B2C6-621D93F1D466}.Debug|Any CPU.Build.0 = Debug|Any CPU
		{03A2A74D-1D87-4A68-B2C6-621D93F1D466}.Release|Any CPU.ActiveCfg = Release|Any CPU
		{03A2A74D-1D87-4A68-B2C6-621D93F1D466}.Release|Any CPU.Build.0 = Release|Any CPU
	EndGlobalSection
	GlobalSection(SolutionProperties) = preSolution
		HideSolutionNode = FALSE
	EndGlobalSection
	GlobalSection(ExtensibilityGlobals) = postSolution
		SolutionGuid = {CFD7BE3C-FE7E-423C-B810-412199E91F89}
	EndGlobalSection
EndGlobal
