
Microsoft Visual Studio Solution File, Format Version 12.00
# Visual Studio Version 17
VisualStudioVersion = 17.3.32825.248
MinimumVisualStudioVersion = 10.0.40219.1
Project("{2150E333-8FDC-42A3-9474-1A3956D46DE8}") = "BusinessLogicLayer", "BusinessLogicLayer", "{62451B67-6615-44B8-92CF-6A12313638FF}"
EndProject
Project("{2150E333-8FDC-42A3-9474-1A3956D46DE8}") = "DataAccessLayer", "DataAccessLayer", "{612211F9-C0AC-492B-B412-B52DB3C22F4A}"
EndProject
Project("{2150E333-8FDC-42A3-9474-1A3956D46DE8}") = "PresentationLayer", "PresentationLayer", "{35B09308-4DB9-49BC-BEF0-4372707E31BD}"
EndProject
Project("{2150E333-8FDC-42A3-9474-1A3956D46DE8}") = "Common", "Common", "{B4F2175A-1474-4670-AB1E-303BF944B186}"
EndProject
Project("{FAE04EC0-301F-11D3-BF4B-00C04F79EFBC}") = "Hi.Model", "Hi.Model\Hi.Model.csproj", "{23FBAD2B-3ECD-417C-9B03-83E22429082A}"
EndProject
Project("{FAE04EC0-301F-11D3-BF4B-00C04F79EFBC}") = "Hi.IDAL", "Hi.IDAL\Hi.IDAL.csproj", "{C49DA36C-E2EF-488A-A36B-039378E8FCED}"
EndProject
Project("{FAE04EC0-301F-11D3-BF4B-00C04F79EFBC}") = "Hi.MSSQL.DAL", "Hi.MSSQL.DAL\Hi.MSSQL.DAL.csproj", "{324F67CA-450B-422D-AC10-4170E0CC415E}"
EndProject
Project("{FAE04EC0-301F-11D3-BF4B-00C04F79EFBC}") = "Hi.BLL", "Hi.BLL\Hi.BLL.csproj", "{F3DF3E72-B47E-4106-92B3-0042442C1E01}"
EndProject
Project("{FAE04EC0-301F-11D3-BF4B-00C04F79EFBC}") = "Hi.MVC5", "Hi.MVC5\Hi.MVC5.csproj", "{9A0593EF-1D6B-4B1B-B76F-37BBAB110628}"
EndProject
Project("{FAE04EC0-301F-11D3-BF4B-00C04F79EFBC}") = "Hi.Oracle.DAL", "Hi.Oracle.DAL\Hi.Oracle.DAL.csproj", "{6296FB7E-DB64-4CFA-9B68-9B61116213D3}"
EndProject
Global
	GlobalSection(SolutionConfigurationPlatforms) = preSolution
		Debug|Any CPU = Debug|Any CPU
		Release|Any CPU = Release|Any CPU
	EndGlobalSection
	GlobalSection(ProjectConfigurationPlatforms) = postSolution
		{23FBAD2B-3ECD-417C-9B03-83E22429082A}.Debug|Any CPU.ActiveCfg = Debug|Any CPU
		{23FBAD2B-3ECD-417C-9B03-83E22429082A}.Debug|Any CPU.Build.0 = Debug|Any CPU
		{23FBAD2B-3ECD-417C-9B03-83E22429082A}.Release|Any CPU.ActiveCfg = Release|Any CPU
		{23FBAD2B-3ECD-417C-9B03-83E22429082A}.Release|Any CPU.Build.0 = Release|Any CPU
		{C49DA36C-E2EF-488A-A36B-039378E8FCED}.Debug|Any CPU.ActiveCfg = Debug|Any CPU
		{C49DA36C-E2EF-488A-A36B-039378E8FCED}.Debug|Any CPU.Build.0 = Debug|Any CPU
		{C49DA36C-E2EF-488A-A36B-039378E8FCED}.Release|Any CPU.ActiveCfg = Release|Any CPU
		{C49DA36C-E2EF-488A-A36B-039378E8FCED}.Release|Any CPU.Build.0 = Release|Any CPU
		{324F67CA-450B-422D-AC10-4170E0CC415E}.Debug|Any CPU.ActiveCfg = Debug|Any CPU
		{324F67CA-450B-422D-AC10-4170E0CC415E}.Debug|Any CPU.Build.0 = Debug|Any CPU
		{324F67CA-450B-422D-AC10-4170E0CC415E}.Release|Any CPU.ActiveCfg = Release|Any CPU
		{324F67CA-450B-422D-AC10-4170E0CC415E}.Release|Any CPU.Build.0 = Release|Any CPU
		{F3DF3E72-B47E-4106-92B3-0042442C1E01}.Debug|Any CPU.ActiveCfg = Debug|Any CPU
		{F3DF3E72-B47E-4106-92B3-0042442C1E01}.Debug|Any CPU.Build.0 = Debug|Any CPU
		{F3DF3E72-B47E-4106-92B3-0042442C1E01}.Release|Any CPU.ActiveCfg = Release|Any CPU
		{F3DF3E72-B47E-4106-92B3-0042442C1E01}.Release|Any CPU.Build.0 = Release|Any CPU
		{9A0593EF-1D6B-4B1B-B76F-37BBAB110628}.Debug|Any CPU.ActiveCfg = Debug|Any CPU
		{9A0593EF-1D6B-4B1B-B76F-37BBAB110628}.Debug|Any CPU.Build.0 = Debug|Any CPU
		{9A0593EF-1D6B-4B1B-B76F-37BBAB110628}.Release|Any CPU.ActiveCfg = Release|Any CPU
		{9A0593EF-1D6B-4B1B-B76F-37BBAB110628}.Release|Any CPU.Build.0 = Release|Any CPU
		{6296FB7E-DB64-4CFA-9B68-9B61116213D3}.Debug|Any CPU.ActiveCfg = Debug|Any CPU
		{6296FB7E-DB64-4CFA-9B68-9B61116213D3}.Debug|Any CPU.Build.0 = Debug|Any CPU
		{6296FB7E-DB64-4CFA-9B68-9B61116213D3}.Release|Any CPU.ActiveCfg = Release|Any CPU
		{6296FB7E-DB64-4CFA-9B68-9B61116213D3}.Release|Any CPU.Build.0 = Release|Any CPU
	EndGlobalSection
	GlobalSection(SolutionProperties) = preSolution
		HideSolutionNode = FALSE
	EndGlobalSection
	GlobalSection(NestedProjects) = preSolution
		{23FBAD2B-3ECD-417C-9B03-83E22429082A} = {B4F2175A-1474-4670-AB1E-303BF944B186}
		{C49DA36C-E2EF-488A-A36B-039378E8FCED} = {612211F9-C0AC-492B-B412-B52DB3C22F4A}
		{324F67CA-450B-422D-AC10-4170E0CC415E} = {612211F9-C0AC-492B-B412-B52DB3C22F4A}
		{F3DF3E72-B47E-4106-92B3-0042442C1E01} = {62451B67-6615-44B8-92CF-6A12313638FF}
		{9A0593EF-1D6B-4B1B-B76F-37BBAB110628} = {35B09308-4DB9-49BC-BEF0-4372707E31BD}
		{6296FB7E-DB64-4CFA-9B68-9B61116213D3} = {612211F9-C0AC-492B-B412-B52DB3C22F4A}
	EndGlobalSection
	GlobalSection(ExtensibilityGlobals) = postSolution
		SolutionGuid = {DBE380C0-8668-49AF-860E-9EC0A904E80E}
	EndGlobalSection
EndGlobal
