
Microsoft Visual Studio Solution File, Format Version 12.00
# Visual Studio Version 17
VisualStudioVersion = 17.3.32825.248
MinimumVisualStudioVersion = 10.0.40219.1
Project("{FAE04EC0-301F-11D3-BF4B-00C04F79EFBC}") = "WinFormsApp1", "WinFormsApp1\WinFormsApp1.csproj", "{849252A9-91C4-4F30-A0FB-01AB3955F974}"
EndProject
Global
	GlobalSection(SolutionConfigurationPlatforms) = preSolution
		Debug|Any CPU = Debug|Any CPU
		Release|Any CPU = Release|Any CPU
	EndGlobalSection
	GlobalSection(ProjectConfigurationPlatforms) = postSolution
		{849252A9-91C4-4F30-A0FB-01AB3955F974}.Debug|Any CPU.ActiveCfg = Debug|Any CPU
		{849252A9-91C4-4F30-A0FB-01AB3955F974}.Debug|Any CPU.Build.0 = Debug|Any CPU
		{849252A9-91C4-4F30-A0FB-01AB3955F974}.Release|Any CPU.ActiveCfg = Release|Any CPU
		{849252A9-91C4-4F30-A0FB-01AB3955F974}.Release|Any CPU.Build.0 = Release|Any CPU
	EndGlobalSection
	GlobalSection(SolutionProperties) = preSolution
		HideSolutionNode = FALSE
	EndGlobalSection
	GlobalSection(ExtensibilityGlobals) = postSolution
		SolutionGuid = {03AE9F46-06C2-4B8D-9A7E-C3C020213BF7}
	EndGlobalSection
EndGlobal
