
Microsoft Visual Studio Solution File, Format Version 12.00
# Visual Studio Version 17
VisualStudioVersion = 17.3.32825.248
MinimumVisualStudioVersion = 10.0.40219.1
Project("{FAE04EC0-301F-11D3-BF4B-00C04F79EFBC}") = "ASPNET4.5_Project", "ASPNET4.5_Project\ASPNET4.5_Project.csproj", "{DC703ED5-4A20-449F-BFF6-005F4F2D72B1}"
EndProject
Project("{FAE04EC0-301F-11D3-BF4B-00C04F79EFBC}") = "SafetyPrac", "SafetyPrac\SafetyPrac.csproj", "{FF98507A-2D01-4BE0-B319-50ECF6AEFC38}"
EndProject
Project("{FAE04EC0-301F-11D3-BF4B-00C04F79EFBC}") = "WebApplication1", "WebApplication1\WebApplication1.csproj", "{4B8514E7-0D7E-4942-B492-8BFF02ABEA0D}"
EndProject
Project("{FAE04EC0-301F-11D3-BF4B-00C04F79EFBC}") = "Chap10", "Chap10\Chap10.csproj", "{CBCFDE30-2237-44FF-A487-E575A84821C4}"
EndProject
Project("{FAE04EC0-301F-11D3-BF4B-00C04F79EFBC}") = "Chap11", "Chap11\Chap11.csproj", "{84A42C38-8F13-49CA-A84A-8EFC5B359843}"
EndProject
Project("{FAE04EC0-301F-11D3-BF4B-00C04F79EFBC}") = "Chap15", "Chap15\Chap15.csproj", "{31682F85-9D0F-4D82-BD29-513B93FFB01D}"
EndProject
Project("{FAE04EC0-301F-11D3-BF4B-00C04F79EFBC}") = "Chap22", "Chap22\Chap22.csproj", "{5061D58E-B0D6-4C50-8CCF-AFDA7FC4A52D}"
EndProject
Project("{FAE04EC0-301F-11D3-BF4B-00C04F79EFBC}") = "ASPNETIdentityTest", "ASPNETIdentityTest\ASPNETIdentityTest.csproj", "{5EBB9B8A-8C01-45F4-B8DD-CC3D42C20EE0}"
EndProject
Global
	GlobalSection(SolutionConfigurationPlatforms) = preSolution
		Debug|Any CPU = Debug|Any CPU
		Release|Any CPU = Release|Any CPU
	EndGlobalSection
	GlobalSection(ProjectConfigurationPlatforms) = postSolution
		{DC703ED5-4A20-449F-BFF6-005F4F2D72B1}.Debug|Any CPU.ActiveCfg = Debug|Any CPU
		{DC703ED5-4A20-449F-BFF6-005F4F2D72B1}.Debug|Any CPU.Build.0 = Debug|Any CPU
		{DC703ED5-4A20-449F-BFF6-005F4F2D72B1}.Release|Any CPU.ActiveCfg = Release|Any CPU
		{DC703ED5-4A20-449F-BFF6-005F4F2D72B1}.Release|Any CPU.Build.0 = Release|Any CPU
		{FF98507A-2D01-4BE0-B319-50ECF6AEFC38}.Debug|Any CPU.ActiveCfg = Debug|Any CPU
		{FF98507A-2D01-4BE0-B319-50ECF6AEFC38}.Debug|Any CPU.Build.0 = Debug|Any CPU
		{FF98507A-2D01-4BE0-B319-50ECF6AEFC38}.Release|Any CPU.ActiveCfg = Release|Any CPU
		{FF98507A-2D01-4BE0-B319-50ECF6AEFC38}.Release|Any CPU.Build.0 = Release|Any CPU
		{4B8514E7-0D7E-4942-B492-8BFF02ABEA0D}.Debug|Any CPU.ActiveCfg = Debug|Any CPU
		{4B8514E7-0D7E-4942-B492-8BFF02ABEA0D}.Debug|Any CPU.Build.0 = Debug|Any CPU
		{4B8514E7-0D7E-4942-B492-8BFF02ABEA0D}.Release|Any CPU.ActiveCfg = Release|Any CPU
		{4B8514E7-0D7E-4942-B492-8BFF02ABEA0D}.Release|Any CPU.Build.0 = Release|Any CPU
		{CBCFDE30-2237-44FF-A487-E575A84821C4}.Debug|Any CPU.ActiveCfg = Debug|Any CPU
		{CBCFDE30-2237-44FF-A487-E575A84821C4}.Debug|Any CPU.Build.0 = Debug|Any CPU
		{CBCFDE30-2237-44FF-A487-E575A84821C4}.Release|Any CPU.ActiveCfg = Release|Any CPU
		{CBCFDE30-2237-44FF-A487-E575A84821C4}.Release|Any CPU.Build.0 = Release|Any CPU
		{84A42C38-8F13-49CA-A84A-8EFC5B359843}.Debug|Any CPU.ActiveCfg = Debug|Any CPU
		{84A42C38-8F13-49CA-A84A-8EFC5B359843}.Debug|Any CPU.Build.0 = Debug|Any CPU
		{84A42C38-8F13-49CA-A84A-8EFC5B359843}.Release|Any CPU.ActiveCfg = Release|Any CPU
		{84A42C38-8F13-49CA-A84A-8EFC5B359843}.Release|Any CPU.Build.0 = Release|Any CPU
		{31682F85-9D0F-4D82-BD29-513B93FFB01D}.Debug|Any CPU.ActiveCfg = Debug|Any CPU
		{31682F85-9D0F-4D82-BD29-513B93FFB01D}.Debug|Any CPU.Build.0 = Debug|Any CPU
		{31682F85-9D0F-4D82-BD29-513B93FFB01D}.Release|Any CPU.ActiveCfg = Release|Any CPU
		{31682F85-9D0F-4D82-BD29-513B93FFB01D}.Release|Any CPU.Build.0 = Release|Any CPU
		{5061D58E-B0D6-4C50-8CCF-AFDA7FC4A52D}.Debug|Any CPU.ActiveCfg = Debug|Any CPU
		{5061D58E-B0D6-4C50-8CCF-AFDA7FC4A52D}.Debug|Any CPU.Build.0 = Debug|Any CPU
		{5061D58E-B0D6-4C50-8CCF-AFDA7FC4A52D}.Release|Any CPU.ActiveCfg = Release|Any CPU
		{5061D58E-B0D6-4C50-8CCF-AFDA7FC4A52D}.Release|Any CPU.Build.0 = Release|Any CPU
		{5EBB9B8A-8C01-45F4-B8DD-CC3D42C20EE0}.Debug|Any CPU.ActiveCfg = Debug|Any CPU
		{5EBB9B8A-8C01-45F4-B8DD-CC3D42C20EE0}.Debug|Any CPU.Build.0 = Debug|Any CPU
		{5EBB9B8A-8C01-45F4-B8DD-CC3D42C20EE0}.Release|Any CPU.ActiveCfg = Release|Any CPU
		{5EBB9B8A-8C01-45F4-B8DD-CC3D42C20EE0}.Release|Any CPU.Build.0 = Release|Any CPU
	EndGlobalSection
	GlobalSection(SolutionProperties) = preSolution
		HideSolutionNode = FALSE
	EndGlobalSection
	GlobalSection(ExtensibilityGlobals) = postSolution
		SolutionGuid = {81A57463-3393-412E-B9CC-B33886C5C0EA}
	EndGlobalSection
EndGlobal
