
Microsoft Visual Studio Solution File, Format Version 12.00
# Visual Studio Version 17
VisualStudioVersion = 17.3.32825.248
MinimumVisualStudioVersion = 10.0.40219.1
Project("{FAE04EC0-301F-11D3-BF4B-00C04F79EFBC}") = "MemoEngine", "MemoEngine\MemoEngine.csproj", "{F792DE28-0939-4521-8881-1F4C452AC2D4}"
EndProject
Project("{FAE04EC0-301F-11D3-BF4B-00C04F79EFBC}") = "WebApplication1", "WebApplication1\WebApplication1.csproj", "{31269103-EB9C-4064-A55D-D86CF71D8732}"
EndProject
Project("{FAE04EC0-301F-11D3-BF4B-00C04F79EFBC}") = "DevASPNET", "DevASPNET\DevASPNET.csproj", "{8959B29E-E75F-41BD-9C13-EE9C2E81370C}"
EndProject
Global
	GlobalSection(SolutionConfigurationPlatforms) = preSolution
		Debug|Any CPU = Debug|Any CPU
		Release|Any CPU = Release|Any CPU
	EndGlobalSection
	GlobalSection(ProjectConfigurationPlatforms) = postSolution
		{F792DE28-0939-4521-8881-1F4C452AC2D4}.Debug|Any CPU.ActiveCfg = Debug|Any CPU
		{F792DE28-0939-4521-8881-1F4C452AC2D4}.Debug|Any CPU.Build.0 = Debug|Any CPU
		{F792DE28-0939-4521-8881-1F4C452AC2D4}.Release|Any CPU.ActiveCfg = Release|Any CPU
		{F792DE28-0939-4521-8881-1F4C452AC2D4}.Release|Any CPU.Build.0 = Release|Any CPU
		{31269103-EB9C-4064-A55D-D86CF71D8732}.Debug|Any CPU.ActiveCfg = Debug|Any CPU
		{31269103-EB9C-4064-A55D-D86CF71D8732}.Debug|Any CPU.Build.0 = Debug|Any CPU
		{31269103-EB9C-4064-A55D-D86CF71D8732}.Release|Any CPU.ActiveCfg = Release|Any CPU
		{31269103-EB9C-4064-A55D-D86CF71D8732}.Release|Any CPU.Build.0 = Release|Any CPU
		{8959B29E-E75F-41BD-9C13-EE9C2E81370C}.Debug|Any CPU.ActiveCfg = Debug|Any CPU
		{8959B29E-E75F-41BD-9C13-EE9C2E81370C}.Debug|Any CPU.Build.0 = Debug|Any CPU
		{8959B29E-E75F-41BD-9C13-EE9C2E81370C}.Release|Any CPU.ActiveCfg = Release|Any CPU
		{8959B29E-E75F-41BD-9C13-EE9C2E81370C}.Release|Any CPU.Build.0 = Release|Any CPU
	EndGlobalSection
	GlobalSection(SolutionProperties) = preSolution
		HideSolutionNode = FALSE
	EndGlobalSection
	GlobalSection(ExtensibilityGlobals) = postSolution
		SolutionGuid = {CCA4917A-DBB6-47CF-B4C8-473322BB3E7A}
	EndGlobalSection
EndGlobal
